{
  "version": "3",
  "remote": {
    "https://deno.land/std@0.100.0/encoding/hex.ts": "f952e0727bddb3b2fd2e6889d104eacbd62e92091f540ebd6459317a61932d9b",
    "https://deno.land/std@0.110.0/_util/assert.ts": "2f868145a042a11d5ad0a3c748dcf580add8a0dbc0e876eaa0026303a5488f58",
    "https://deno.land/std@0.110.0/_util/os.ts": "dfb186cc4e968c770ab6cc3288bd65f4871be03b93beecae57d657232ecffcac",
    "https://deno.land/std@0.110.0/async/deadline.ts": "1d6ac7aeaee22f75eb86e4e105d6161118aad7b41ae2dd14f4cfd3bf97472b93",
    "https://deno.land/std@0.110.0/async/debounce.ts": "b2f693e4baa16b62793fd618de6c003b63228db50ecfe3bd51fc5f6dc0bc264b",
    "https://deno.land/std@0.110.0/async/deferred.ts": "ab60d46ba561abb3b13c0c8085d05797a384b9f182935f051dc67136817acdee",
    "https://deno.land/std@0.110.0/async/delay.ts": "db68b7c22518ea9805be110cdc914017d741894d2bececf4d78607fd2f0548e7",
    "https://deno.land/std@0.110.0/async/mod.ts": "78425176fabea7bd1046ce3819fd69ce40da85c83e0f174d17e8e224a91f7d10",
    "https://deno.land/std@0.110.0/async/mux_async_iterator.ts": "62abff3af9ff619e8f2adc96fc70d4ca020fa48a50c23c13f12d02ed2b760dbe",
    "https://deno.land/std@0.110.0/async/pool.ts": "353ce4f91865da203a097aa6f33de8966340c91b6f4a055611c8c5d534afd12f",
    "https://deno.land/std@0.110.0/async/tee.ts": "63811ea47268825db2b15e973dc5c37bab37b749ffa00d2b7bbb6c6f568412cb",
    "https://deno.land/std@0.110.0/bytes/mod.ts": "440684e07e8f57a19a43b34d57eb63af0b36fc92b6657b6dcdbf9d5612d62e29",
    "https://deno.land/std@0.110.0/encoding/base64.ts": "eecae390f1f1d1cae6f6c6d732ede5276bf4b9cd29b1d281678c054dc5cc009e",
    "https://deno.land/std@0.110.0/encoding/hex.ts": "5bc7df19af498c315cdaba69e2fce1b2aef5fc57344e8c21c08991aa8505a260",
    "https://deno.land/std@0.110.0/fmt/colors.ts": "8368ddf2d48dfe413ffd04cdbb7ae6a1009cf0dccc9c7ff1d76259d9c61a0621",
    "https://deno.land/std@0.110.0/fs/exists.ts": "b0d2e31654819cc2a8d37df45d6b14686c0cc1d802e9ff09e902a63e98b85a00",
    "https://deno.land/std@0.110.0/io/buffer.ts": "3ead6bb11276ebcf093c403f74f67fd2205a515dbbb9061862c468ca56f37cd8",
    "https://deno.land/std@0.110.0/io/util.ts": "85c33d61b20fd706acc094fe80d4c8ae618b04abcf3a96ca2b47071842c1c8ac",
    "https://deno.land/std@0.110.0/node/_errors.ts": "74d1e7c7aad0f4a04df20be1f25f8a0a1d39483a75daabefa2cb285b0090e6e5",
    "https://deno.land/std@0.110.0/node/_fs/_fs_access.ts": "7cbbfd1309e47983065dc7f186fd128eea0854c6693d58b39be2fd0f4de8d0c0",
    "https://deno.land/std@0.110.0/node/_fs/_fs_appendFile.ts": "bd802989a76d2e87a92034cbbbf6ad3154bf925b68e1a0a43772b3f4fc2a3728",
    "https://deno.land/std@0.110.0/node/_fs/_fs_chmod.ts": "101ea1cfc63b518f7434357e6e559c163b86c836826e87273ad4fbdd17153c6d",
    "https://deno.land/std@0.110.0/node/_fs/_fs_chown.ts": "d314d0b3c33422c980e8b8d2abe95433d5d3ec6e0699b53de6e03c13bb37769e",
    "https://deno.land/std@0.110.0/node/_fs/_fs_close.ts": "6a175fef187fa06ad7fd3c82a7a44410f947f5d20ec6673f871d4d327d98753e",
    "https://deno.land/std@0.110.0/node/_fs/_fs_common.ts": "45f0b63e864d24c6c6c492a931e6b794f61ed125157e8f74282350557ec7e971",
    "https://deno.land/std@0.110.0/node/_fs/_fs_constants.ts": "20e2d62e5c5bc1f94b68c14d686c0f61a683d405f31523456b863bb525c9cdee",
    "https://deno.land/std@0.110.0/node/_fs/_fs_copy.ts": "ce349beecec9f833e8cbe02eaa6c79119cbdbe788093c2b9543ce4d865f2b941",
    "https://deno.land/std@0.110.0/node/_fs/_fs_dir.ts": "b122324330d4d754a595618986039a2841f9551c16a20be21e93f371cc8e65ce",
    "https://deno.land/std@0.110.0/node/_fs/_fs_dirent.ts": "c9f585db140749426bcbcd735801198e7c517d654cd72795a20dfa349e4bac05",
    "https://deno.land/std@0.110.0/node/_fs/_fs_exists.ts": "ec185609b68149e259d4fb1d7872e70bb2f9aff135236a3c2e14109e579393cc",
    "https://deno.land/std@0.110.0/node/_fs/_fs_fdatasync.ts": "a62e70004a0f9c2f49e369b44a9ff788bb13d7b8160c61cec942e5dc42da4181",
    "https://deno.land/std@0.110.0/node/_fs/_fs_fstat.ts": "6e2280db419a521dd3ea4525982c02f84677493561d1bcbaa271abadc8e7f844",
    "https://deno.land/std@0.110.0/node/_fs/_fs_fsync.ts": "c68c74966342d5a98437036a634359ac6feab85f114310892f14553c02fad5d4",
    "https://deno.land/std@0.110.0/node/_fs/_fs_ftruncate.ts": "2964fe380c60db9e802a9ae65c72cbfee8d710abd0e078afbcfc2e0cc442599c",
    "https://deno.land/std@0.110.0/node/_fs/_fs_futimes.ts": "88c1e0d7b4012bcee23f586b2b7282ac21725824f3961ffa235d96501afcb65f",
    "https://deno.land/std@0.110.0/node/_fs/_fs_link.ts": "93c8997574a6f42aa2699012236b53f7ee2105400c207e0b8156dce04772ab81",
    "https://deno.land/std@0.110.0/node/_fs/_fs_lstat.ts": "3d81117febd0abcab4e92ecbe70885179f62d10d09608d8ac6acfb7c2db34290",
    "https://deno.land/std@0.110.0/node/_fs/_fs_mkdir.ts": "a98590e4a07416e4d7af1342d062b9c8e01997e6f047ed95411ef1215aa154b3",
    "https://deno.land/std@0.110.0/node/_fs/_fs_mkdtemp.ts": "683c0e0fbe2583c318b2d67cd986cf55f8f7410199537edb76f3af0ec8b54a80",
    "https://deno.land/std@0.110.0/node/_fs/_fs_open.ts": "6a08a3e5edf17f49589fa34223d2ea62193ea1e17392f4e84bfa49fc9d0ca532",
    "https://deno.land/std@0.110.0/node/_fs/_fs_readFile.ts": "aa972cc3a6a13ddad8e7319c3908d089be56136ef11e2a8b8bfb48cfc368fde3",
    "https://deno.land/std@0.110.0/node/_fs/_fs_readdir.ts": "d3b0c2b3d3b243e63f0c8df5294252edbb6a732c07f540044af3e89d6d75245f",
    "https://deno.land/std@0.110.0/node/_fs/_fs_readlink.ts": "919df3481f3e339cfb153e899941fe93d4284287794fed3d92f071a055d473e9",
    "https://deno.land/std@0.110.0/node/_fs/_fs_realpath.ts": "9dad0fe43e8c4cda6953bc297cd605c9647162e4a9d29cf91e435d96a741d8e1",
    "https://deno.land/std@0.110.0/node/_fs/_fs_rename.ts": "98852b8f576e2bbdaede8b85abf8c459c3d0b50d8f6c8aff030a72f20ed26710",
    "https://deno.land/std@0.110.0/node/_fs/_fs_rmdir.ts": "89458f749b97bf2e23e485cba09fbb18f57041141e1cbbcfa9e44bde75953e51",
    "https://deno.land/std@0.110.0/node/_fs/_fs_stat.ts": "71c770228b0f6eb0bfa8b5db88e0313940f57fa3e5dccfbf46d8bd838d1a9497",
    "https://deno.land/std@0.110.0/node/_fs/_fs_symlink.ts": "174e41dbb2dbd0af79ba6460f3ab849c48099b8e824beed7c7f7c5d6d616b36d",
    "https://deno.land/std@0.110.0/node/_fs/_fs_truncate.ts": "fd016bc0b5ac236c4e88b326d0a9de0df6d56a512f20e927384fb4bd088d4e01",
    "https://deno.land/std@0.110.0/node/_fs/_fs_unlink.ts": "95cb6d81c647ac46826a86b9ebc8ebd8008fd99080dd36ddb62c5ddc54339c5f",
    "https://deno.land/std@0.110.0/node/_fs/_fs_utimes.ts": "5a87c6cb903f072a10a1917195e55f8673f4e1023964e16648e4146a778160e0",
    "https://deno.land/std@0.110.0/node/_fs/_fs_watch.ts": "7f7757775b6cdeb2e66bf5dbb5e1eb15e105fce4429eecd1026e1301e696babe",
    "https://deno.land/std@0.110.0/node/_fs/_fs_writeFile.ts": "6bf2646358e6e840353f1c1da184493121a1e57ab20e6ba6e8b1cf21574d4bf2",
    "https://deno.land/std@0.110.0/node/_util/_util_callbackify.ts": "947aa66d148c10e484c5c5e65ca4041cdd65085d7045fb26d388269a63c4d079",
    "https://deno.land/std@0.110.0/node/_util/_util_promisify.ts": "2ad6efe685f73443d5ed6ae009999789a8de4a0f01e6d2afdf242b4515477ee2",
    "https://deno.land/std@0.110.0/node/_util/_util_types.ts": "ae3d21e07c975f06590ab80bbde8173670d70ff40546267c0c1df869fc2ff00c",
    "https://deno.land/std@0.110.0/node/_utils.ts": "c32d3491e380488728d65ad471698ed0aadff7fe35bde0a26ba4dd8f434ed0e7",
    "https://deno.land/std@0.110.0/node/buffer.ts": "29e7a8849479c9d325a1be899fd79d1289a858afe211ab5a0c78e57f3493dfea",
    "https://deno.land/std@0.110.0/node/events.ts": "f92ba300cb0a6efa4ff4d8a267a507ee725858d6a250a2eeb829ec99b21f90b1",
    "https://deno.land/std@0.110.0/node/fs.ts": "0f283d57d7d19b48845d80d9517c1a69c9b66cf29787ad1e182939e95c6a9c07",
    "https://deno.land/std@0.110.0/node/fs/promises.ts": "88258c223ef5774e8467e1b7707be8ebf490f62b024cb56cf2b4aae29a81a6dd",
    "https://deno.land/std@0.110.0/node/path.ts": "86b262d6957fba13d4f3d58a92ced49de4f40169d06542326b5547ff97257f0d",
    "https://deno.land/std@0.110.0/node/util.ts": "23878bd3ee67a52e67cfe5acb78c7ccce9c54735c6d280b069577605e8679935",
    "https://deno.land/std@0.110.0/path/_constants.ts": "1247fee4a79b70c89f23499691ef169b41b6ccf01887a0abd131009c5581b853",
    "https://deno.land/std@0.110.0/path/_interface.ts": "1fa73b02aaa24867e481a48492b44f2598cd9dfa513c7b34001437007d3642e4",
    "https://deno.land/std@0.110.0/path/_util.ts": "2e06a3b9e79beaf62687196bd4b60a4c391d862cfa007a20fc3a39f778ba073b",
    "https://deno.land/std@0.110.0/path/common.ts": "f41a38a0719a1e85aa11c6ba3bea5e37c15dd009d705bd8873f94c833568cbc4",
    "https://deno.land/std@0.110.0/path/glob.ts": "46708a3249cb5dc4a116cae3055114d6339bd5f0c1f412db6a4e0cb44c828a7d",
    "https://deno.land/std@0.110.0/path/mod.ts": "4465dc494f271b02569edbb4a18d727063b5dbd6ed84283ff906260970a15d12",
    "https://deno.land/std@0.110.0/path/posix.ts": "34349174b9cd121625a2810837a82dd8b986bbaaad5ade690d1de75bbb4555b2",
    "https://deno.land/std@0.110.0/path/separator.ts": "8fdcf289b1b76fd726a508f57d3370ca029ae6976fcde5044007f062e643ff1c",
    "https://deno.land/std@0.110.0/path/win32.ts": "2edb2f71f10578ee1168de01a8cbd3c65483e45a46bc2fa3156a0c6bfbd2720d",
    "https://deno.land/std@0.110.0/testing/_diff.ts": "ccd6c3af6e44c74bf1591acb1361995f5f50df64323a6e7fb3f16c8ea792c940",
    "https://deno.land/std@0.110.0/testing/asserts.ts": "6b0d6ba564bdff807bd0f0e93e02c48aa3177acf19416bf84a7f420191ef74cd",
    "https://deno.land/std@0.148.0/bytes/equals.ts": "3c3558c3ae85526f84510aa2b48ab2ad7bdd899e2e0f5b7a8ffc85acb3a6043a",
    "https://deno.land/std@0.148.0/bytes/mod.ts": "763f97d33051cc3f28af1a688dfe2830841192a9fea0cbaa55f927b49d49d0bf",
    "https://deno.land/std@0.153.0/hash/sha256.ts": "aa9479c260f41b72c639f36c3e4bc9319940b5d2e52fe793ebe3dc646d12832f",
    "https://deno.land/std@0.208.0/dotenv/mod.ts": "039468f5c87d39b69d7ca6c3d68ebca82f206ec0ff5e011d48205eea292ea5a6",
    "https://deno.land/x/lucid@0.10.7/mod.ts": "9473507398048cb24dbb37b3a220777106c69c28d573898648deb2bb84a7e131",
    "https://deno.land/x/lucid@0.10.7/package.json": "402ef25f1bcbf29c57b24f4737637db8470dc9197e80478455ec132a7a08a0cc",
    "https://deno.land/x/lucid@0.10.7/src/core/core.ts": "5b2f6d4746933a425bfcb134a55b84c946bc2ddd98b795aa9189f345778b113c",
    "https://deno.land/x/lucid@0.10.7/src/core/libs/cardano_message_signing/cardano_message_signing.generated.js": "b3cae6f286d855a1cf9c84987026bfa46f577e9edd6b269127e88c0f41d68bfa",
    "https://deno.land/x/lucid@0.10.7/src/core/libs/cardano_multiplatform_lib/cardano_multiplatform_lib.generated.js": "286312109897e46032173ab3a0a233212ea0741051bcba936914ac7af8f22227",
    "https://deno.land/x/lucid@0.10.7/src/core/mod.ts": "978b94101791fdad3113e5a9fa3813b1f48a8e505f68da14bcad72668b294926",
    "https://deno.land/x/lucid@0.10.7/src/lucid/lucid.ts": "80f06b1965074a6c3504d509df676f2508d49cc0a8050dee1b1f8ea804fb565a",
    "https://deno.land/x/lucid@0.10.7/src/lucid/message.ts": "b16bb7c06cbc81c777ac116d95db32959af42bc093ebe86b65f2dbc28b75f9b2",
    "https://deno.land/x/lucid@0.10.7/src/lucid/mod.ts": "94bfe48ee683e932a67347786a1253a2e7277e53b1dc192d045d70bc5ce9bc10",
    "https://deno.land/x/lucid@0.10.7/src/lucid/tx.ts": "5833f0cb10bcd83439e7caff03c20296b8e646ce1d3797e9db56f3fdcfe33e19",
    "https://deno.land/x/lucid@0.10.7/src/lucid/tx_complete.ts": "a687e19df52072fe239af33081cfddf2fba40011324ff86f3352042940a65362",
    "https://deno.land/x/lucid@0.10.7/src/lucid/tx_signed.ts": "58edce3295e5fa14977120d887b43796ebd40893caaf012d441a8b56909c8ae1",
    "https://deno.land/x/lucid@0.10.7/src/misc/bip39.ts": "7dc0f49f96d43a254a048a956cac31ef8c8045f69f3b8dbc5350bc6c601441eb",
    "https://deno.land/x/lucid@0.10.7/src/misc/crc8.ts": "c9abda52851d5c575f6a8714c3600d2e63bb8cfc942e035486b1ab03b780e2f9",
    "https://deno.land/x/lucid@0.10.7/src/misc/sign_data.ts": "6f5066d19455ade77615b5cbbf5dd9947ea691a7b764f96c81ba911cc84183e5",
    "https://deno.land/x/lucid@0.10.7/src/misc/wallet.ts": "7a8d63c234f0741dc49d3134554b7c455e24f4692ba42a3843aad7e37bcc7d2b",
    "https://deno.land/x/lucid@0.10.7/src/mod.ts": "f4156883dc0dc394e9fd9e9e7222537a61ff8b2781a88761d7bcb65123a16bcf",
    "https://deno.land/x/lucid@0.10.7/src/plutus/data.ts": "b6eb205124e6f340f47dd789d94d91146b2bf038c6a76b57ede12874b60d5920",
    "https://deno.land/x/lucid@0.10.7/src/plutus/mod.ts": "3a7f784e950348d447cd6bcb27546b20902fae167e04fd42e67bfad57216e1a7",
    "https://deno.land/x/lucid@0.10.7/src/plutus/time.ts": "f142f03f897a6e57625e8c0752bb73397818090871f3cff123ec64311590b6f9",
    "https://deno.land/x/lucid@0.10.7/src/provider/blockfrost.ts": "7cd49ed72464f3faf3c4bc93b54a1c30dbe0f34035b3c5e844adfdeb3ca74e32",
    "https://deno.land/x/lucid@0.10.7/src/provider/emulator.ts": "066892a5dfbe27bde86d449650913da18da8025bd618c7cfed0a6fc16e07bb29",
    "https://deno.land/x/lucid@0.10.7/src/provider/kupmios.ts": "e15178e252d5a87b6c6123e51c3dc426ec7ebe02bac920dea26213f62eabcbd0",
    "https://deno.land/x/lucid@0.10.7/src/provider/maestro.ts": "76c379f946bdc2198ccf6898ce1b09ed5a6ddb1d858f0abe2b39e5300aa7a6c1",
    "https://deno.land/x/lucid@0.10.7/src/provider/mod.ts": "76b36094551556045e851fe0ba6012626e1a08c03dec62a21b69d22311266379",
    "https://deno.land/x/lucid@0.10.7/src/types/global.ts": "3ea23ebcf9af819a01cbcf682856df2b178929ffec362113d24eb4a80a966ac3",
    "https://deno.land/x/lucid@0.10.7/src/types/mod.ts": "2e6e4ffd7077025d1b45af726756455fc9c915666dd7f23a041be058039b49c6",
    "https://deno.land/x/lucid@0.10.7/src/types/types.ts": "b637a944c04576c42c2bb5df98aa8128cd4677e04fa0ec911e042ce96e764fa2",
    "https://deno.land/x/lucid@0.10.7/src/utils/cost_model.ts": "f04e4d393062b0057f703e37ddcb1aa9fe378b589134c679688f9786235a25ee",
    "https://deno.land/x/lucid@0.10.7/src/utils/merkle_tree.ts": "af39a9167eb8b083a19a980916c95ab40332e959ef20bc43fdfef69eef08e594",
    "https://deno.land/x/lucid@0.10.7/src/utils/mod.ts": "7e405bfa0db96d9e995e67fb77251e8465843addf141caf4ce64b3efa6077822",
    "https://deno.land/x/lucid@0.10.7/src/utils/utils.ts": "177ec0578b788f947f6afb6cc911c4eae776aaf98b5249412a750b8f366b4d11",
    "https://deno.land/x/typebox@0.25.13/src/typebox.ts": "9b20b62c0bf31f1a9128b6dc6dfd470a5d956a48f0b0ef0a1ccc4d794fb55dcc"
  }
}
